
Microsoft Visual Studio Solution File, Format Version 12.00
# Visual Studio Version 16
VisualStudioVersion = 16.0.30413.136
MinimumVisualStudioVersion = 10.0.40219.1
Project("{FAE04EC0-301F-11D3-BF4B-00C04F79EFBC}") = "AppleAndOrange", "AppleAndOrange\AppleAndOrange.csproj", "{A00D8C47-7E8E-4B3F-B980-F9F0BB62D71E}"
EndProject
Global
	GlobalSection(SolutionConfigurationPlatforms) = preSolution
		Debug|Any CPU = Debug|Any CPU
		Release|Any CPU = Release|Any CPU
	EndGlobalSection
	GlobalSection(ProjectConfigurationPlatforms) = postSolution
		{A00D8C47-7E8E-4B3F-B980-F9F0BB62D71E}.Debug|Any CPU.ActiveCfg = Debug|Any CPU
		{A00D8C47-7E8E-4B3F-B980-F9F0BB62D71E}.Debug|Any CPU.Build.0 = Debug|Any CPU
		{A00D8C47-7E8E-4B3F-B980-F9F0BB62D71E}.Release|Any CPU.ActiveCfg = Release|Any CPU
		{A00D8C47-7E8E-4B3F-B980-F9F0BB62D71E}.Release|Any CPU.Build.0 = Release|Any CPU
	EndGlobalSection
	GlobalSection(SolutionProperties) = preSolution
		HideSolutionNode = FALSE
	EndGlobalSection
	GlobalSection(ExtensibilityGlobals) = postSolution
		SolutionGuid = {11E1BB82-1D98-48B4-9C41-90FDE1D748D9}
	EndGlobalSection
EndGlobal
